{
    "_meta": {
        "hash": {
            "sha256": "9255159e7f25f6fcf1fc707a939e2f986939a81469408656a58bde3334121ef1"
        },
        "pipfile-spec": 6,
        "requires": {
            "python_version": "3.11"
        },
        "sources": [
            {
                "name": "pypi",
                "url": "https://pypi.org/simple",
                "verify_ssl": true
            }
        ]
    },
    "default": {
        "anyio": {
            "hashes": [
                "sha256:44a3c9aba0f5defa43261a8b3efb97891f2bd7d804e0e1f56419befa1adfc780",
                "sha256:91dee416e570e92c64041bd18b900d1d6fa78dff7048769ce5ac5ddad004fbb5"
            ],
            "index": "pypi",
            "markers": "python_version >= '3.7'",
            "version": "==3.7.1"
        },
        "asgi-correlation-id": {
            "hashes": [
                "sha256:0f5eb0602e5f199aa4c5f5ebeb72651c28a69961cfd886c1d87cb23df48fd00e",
                "sha256:cbcf46e5d166d26998311899cd02779549d1a47fd9a9910cf1f87ffe64918fb0"
            ],
            "index": "pypi",
            "markers": "python_version >= '3.7' and python_version < '4.0'",
            "version": "==3.0.0"
        },
        "asgiref": {
            "hashes": [
                "sha256:3e1e3ecc849832fe52ccf2cb6686b7a55f82bb1d6aee72a58826471390335e47",
                "sha256:c343bd80a0bec947a9860adb4c432ffa7db769836c64238fc34bdc3fec84d590"
            ],
            "index": "pypi",
            "markers": "python_version >= '3.8'",
            "version": "==3.8.1"
        },
        "certifi": {
            "hashes": [
                "sha256:922820b53db7a7257ffbda3f597266d435245903d80737e34f8a45ff3e3230d8",
                "sha256:bec941d2aa8195e248a60b31ff9f0558284cf01a52591ceda73ea9afffd69fd9"
            ],
            "markers": "python_version >= '3.6'",
            "version": "==2024.8.30"
        },
        "circuitbreaker": {
            "hashes": [
                "sha256:28110761ca81a2accbd6b33186bc8c433e69b0933d85e89f280028dbb8c1dd14",
                "sha256:c8c6f044b616cd5066368734ce4488020392c962b4bd2869d406d883c36d9859"
            ],
            "index": "pypi",
            "version": "==2.0.0"
        },
        "click": {
            "hashes": [
                "sha256:ae74fb96c20a0277a1d615f1e4d73c8414f5a98db8b799a7931d1582f3390c28",
                "sha256:ca9853ad459e787e2192211578cc907e7594e294c7ccc834310722b41b9ca6de"
            ],
            "index": "pypi",
            "markers": "python_version >= '3.7'",
            "version": "==8.1.7"
        },
        "fastapi": {
            "hashes": [
                "sha256:a70d31f4249b6b42dbe267667d22f83af645b2d857876c97f83ca9573215784f",
                "sha256:b5dac161ee19d33346040d3f44d8b7a9ac09b37df9efff95891f5e7641fa482f"
            ],
            "index": "pypi",
            "markers": "python_full_version >= '3.6.1'",
            "version": "==0.75.2"
        },
        "h11": {
            "hashes": [
                "sha256:8f19fbbe99e72420ff35c00b27a34cb9937e902a8b810e2c88300c6f0a3b699d",
                "sha256:e3fe4ac4b851c468cc8363d500db52c2ead036020723024a109d37346efaa761"
            ],
            "markers": "python_version >= '3.7'",
            "version": "==0.14.0"
        },
        "h2": {
            "hashes": [
                "sha256:03a46bcf682256c95b5fd9e9a99c1323584c3eec6440d379b9903d709476bc6d",
                "sha256:a83aca08fbe7aacb79fec788c9c0bac936343560ed9ec18b82a13a12c28d2abb"
            ],
            "version": "==4.1.0"
        },
        "hpack": {
            "hashes": [
                "sha256:84a076fad3dc9a9f8063ccb8041ef100867b1878b25ef0ee63847a5d53818a6c",
                "sha256:fc41de0c63e687ebffde81187a948221294896f6bdc0ae2312708df339430095"
            ],
            "markers": "python_full_version >= '3.6.1'",
            "version": "==4.0.0"
        },
        "httpcore": {
            "hashes": [
                "sha256:34a38e2f9291467ee3b44e89dd52615370e152954ba21721378a87b2960f7a61",
                "sha256:421f18bac248b25d310f3cacd198d55b8e6125c107797b609ff9b7a6ba7991b5"
            ],
            "markers": "python_version >= '3.8'",
            "version": "==1.0.5"
        },
        "httptools": {
            "hashes": [
                "sha256:00d5d4b68a717765b1fabfd9ca755bd12bf44105eeb806c03d1962acd9b8e563",
                "sha256:0ac5a0ae3d9f4fe004318d64b8a854edd85ab76cffbf7ef5e32920faef62f142",
                "sha256:0cf2372e98406efb42e93bfe10f2948e467edfd792b015f1b4ecd897903d3e8d",
                "sha256:1ed99a373e327f0107cb513b61820102ee4f3675656a37a50083eda05dc9541b",
                "sha256:3c3b214ce057c54675b00108ac42bacf2ab8f85c58e3f324a4e963bbc46424f4",
                "sha256:3e802e0b2378ade99cd666b5bffb8b2a7cc8f3d28988685dc300469ea8dd86cb",
                "sha256:3f30d3ce413088a98b9db71c60a6ada2001a08945cb42dd65a9a9fe228627658",
                "sha256:405784577ba6540fa7d6ff49e37daf104e04f4b4ff2d1ac0469eaa6a20fde084",
                "sha256:48ed8129cd9a0d62cf4d1575fcf90fb37e3ff7d5654d3a5814eb3d55f36478c2",
                "sha256:4bd3e488b447046e386a30f07af05f9b38d3d368d1f7b4d8f7e10af85393db97",
                "sha256:4f0f8271c0a4db459f9dc807acd0eadd4839934a4b9b892f6f160e94da309837",
                "sha256:5cceac09f164bcba55c0500a18fe3c47df29b62353198e4f37bbcc5d591172c3",
                "sha256:639dc4f381a870c9ec860ce5c45921db50205a37cc3334e756269736ff0aac58",
                "sha256:678fcbae74477a17d103b7cae78b74800d795d702083867ce160fc202104d0da",
                "sha256:6a4f5ccead6d18ec072ac0b84420e95d27c1cdf5c9f1bc8fbd8daf86bd94f43d",
                "sha256:6f58e335a1402fb5a650e271e8c2d03cfa7cea46ae124649346d17bd30d59c90",
                "sha256:75c8022dca7935cba14741a42744eee13ba05db00b27a4b940f0d646bd4d56d0",
                "sha256:7a7ea483c1a4485c71cb5f38be9db078f8b0e8b4c4dc0210f531cdd2ddac1ef1",
                "sha256:7d9ceb2c957320def533671fc9c715a80c47025139c8d1f3797477decbc6edd2",
                "sha256:7ebaec1bf683e4bf5e9fbb49b8cc36da482033596a415b3e4ebab5a4c0d7ec5e",
                "sha256:85ed077c995e942b6f1b07583e4eb0a8d324d418954fc6af913d36db7c05a5a0",
                "sha256:8ae5b97f690badd2ca27cbf668494ee1b6d34cf1c464271ef7bfa9ca6b83ffaf",
                "sha256:8b0bb634338334385351a1600a73e558ce619af390c2b38386206ac6a27fecfc",
                "sha256:8e216a038d2d52ea13fdd9b9c9c7459fb80d78302b257828285eca1c773b99b3",
                "sha256:93ad80d7176aa5788902f207a4e79885f0576134695dfb0fefc15b7a4648d503",
                "sha256:95658c342529bba4e1d3d2b1a874db16c7cca435e8827422154c9da76ac4e13a",
                "sha256:95fb92dd3649f9cb139e9c56604cc2d7c7bf0fc2e7c8d7fbd58f96e35eddd2a3",
                "sha256:97662ce7fb196c785344d00d638fc9ad69e18ee4bfb4000b35a52efe5adcc949",
                "sha256:9bb68d3a085c2174c2477eb3ffe84ae9fb4fde8792edb7bcd09a1d8467e30a84",
                "sha256:b512aa728bc02354e5ac086ce76c3ce635b62f5fbc32ab7082b5e582d27867bb",
                "sha256:c6e26c30455600b95d94b1b836085138e82f177351454ee841c148f93a9bad5a",
                "sha256:d2f6c3c4cb1948d912538217838f6e9960bc4a521d7f9b323b3da579cd14532f",
                "sha256:dcbab042cc3ef272adc11220517278519adf8f53fd3056d0e68f0a6f891ba94e",
                "sha256:e0b281cf5a125c35f7f6722b65d8542d2e57331be573e9e88bc8b0115c4a7a81",
                "sha256:e57997ac7fb7ee43140cc03664de5f268813a481dff6245e0075925adc6aa185",
                "sha256:fe467eb086d80217b7584e61313ebadc8d187a4d95bb62031b7bab4b205c3ba3"
            ],
            "index": "pypi",
            "markers": "python_full_version >= '3.8.0'",
            "version": "==0.6.1"
        },
        "httpx": {
            "extras": [
                "http2"
            ],
            "hashes": [
                "sha256:7bb2708e112d8fdd7829cd4243970f0c223274051cb35ee80c03301ee29a3df0",
                "sha256:f7c2be1d2f3c3c3160d441802406b206c2b76f5947b11115e6df10c6c65e66c2"
            ],
            "index": "pypi",
            "markers": "python_version >= '3.8'",
            "version": "==0.27.2"
        },
        "hyperframe": {
            "hashes": [
                "sha256:0ec6bafd80d8ad2195c4f03aacba3a8265e57bc4cff261e802bf39970ed02a15",
                "sha256:ae510046231dc8e9ecb1a6586f63d2347bf4c8905914aa84ba585ae85f28a914"
            ],
            "markers": "python_full_version >= '3.6.1'",
            "version": "==6.0.1"
        },
        "idna": {
            "hashes": [
                "sha256:028ff3aadf0609c1fd278d8ea3089299412a7a8b9bd005dd08b9f8285bcb5cfc",
                "sha256:82fee1fc78add43492d3a1898bfa6d8a904cc97d8427f683ed8e798d07761aa0"
            ],
            "index": "pypi",
            "markers": "python_version >= '3.5'",
            "version": "==3.7"
        },
        "prometheus-client": {
            "hashes": [
                "sha256:1b12ba48cee33b9b0b9de64a1047cbd3c5f2d0ab6ebcead7ddda613a750ec3c5",
                "sha256:317453ebabff0a1b02df7f708efbab21e3489e7072b61cb6957230dd004a0af0"
            ],
            "markers": "python_version >= '2.7' and python_version not in '3.0, 3.1, 3.2, 3.3'",
            "version": "==0.12.0"
        },
        "pydantic": {
            "hashes": [
                "sha256:069b9c9fc645474d5ea3653788b544a9e0ccd3dca3ad8c900c4c6eac844b4620",
                "sha256:06a189b81ffc52746ec9c8c007f16e5167c8b0a696e1a726369327e3db7b2a82",
                "sha256:11d9d9b87b50338b1b7de4ebf34fd29fdb0d219dc07ade29effc74d3d2609c62",
                "sha256:15fdbe568beaca9aacfccd5ceadfb5f1a235087a127e8af5e48df9d8a45ae85c",
                "sha256:19a3bd00b9dafc2cd7250d94d5b578edf7a0bd7daf102617153ff9a8fa37871c",
                "sha256:23e8ec1ce4e57b4f441fc91e3c12adba023fedd06868445a5b5f1d48f0ab3682",
                "sha256:24a4a159d0f7a8e26bf6463b0d3d60871d6a52eac5bb6a07a7df85c806f4c048",
                "sha256:2ce3fcf75b2bae99aa31bd4968de0474ebe8c8258a0110903478bd83dfee4e3b",
                "sha256:335a32d72c51a313b33fa3a9b0fe283503272ef6467910338e123f90925f0f03",
                "sha256:3445426da503c7e40baccefb2b2989a0c5ce6b163679dd75f55493b460f05a8f",
                "sha256:34a3613c7edb8c6fa578e58e9abe3c0f5e7430e0fc34a65a415a1683b9c32d9a",
                "sha256:3d5492dbf953d7d849751917e3b2433fb26010d977aa7a0765c37425a4026ff1",
                "sha256:44ae8a3e35a54d2e8fa88ed65e1b08967a9ef8c320819a969bfa09ce5528fafe",
                "sha256:467a14ee2183bc9c902579bb2f04c3d3dac00eff52e252850509a562255b2a33",
                "sha256:46f379b8cb8a3585e3f61bf9ae7d606c70d133943f339d38b76e041ec234953f",
                "sha256:49e26c51ca854286bffc22b69787a8d4063a62bf7d83dc21d44d2ff426108518",
                "sha256:65f7361a09b07915a98efd17fdec23103307a54db2000bb92095457ca758d485",
                "sha256:6951f3f47cb5ca4da536ab161ac0163cab31417d20c54c6de5ddcab8bc813c3f",
                "sha256:72fa46abace0a7743cc697dbb830a41ee84c9db8456e8d77a46d79b537efd7ec",
                "sha256:74fe19dda960b193b0eb82c1f4d2c8e5e26918d9cda858cbf3f41dd28549cb70",
                "sha256:7a4c5eec138a9b52c67f664c7d51d4c7234c5ad65dd8aacd919fb47445a62c86",
                "sha256:80b982d42515632eb51f60fa1d217dfe0729f008e81a82d1544cc392e0a50ddf",
                "sha256:941a2eb0a1509bd7f31e355912eb33b698eb0051730b2eaf9e70e2e1589cae1d",
                "sha256:9f463abafdc92635da4b38807f5b9972276be7c8c5121989768549fceb8d2588",
                "sha256:a00e63104346145389b8e8f500bc6a241e729feaf0559b88b8aa513dd2065481",
                "sha256:aad8771ec8dbf9139b01b56f66386537c6fe4e76c8f7a47c10261b69ad25c2c9",
                "sha256:ae6fa2008e1443c46b7b3a5eb03800121868d5ab6bc7cda20b5df3e133cde8b3",
                "sha256:b661ce52c7b5e5f600c0c3c5839e71918346af2ef20062705ae76b5c16914cab",
                "sha256:b74be007703547dc52e3c37344d130a7bfacca7df112a9e5ceeb840a9ce195c7",
                "sha256:baebdff1907d1d96a139c25136a9bb7d17e118f133a76a2ef3b845e831e3403a",
                "sha256:c20f682defc9ef81cd7eaa485879ab29a86a0ba58acf669a78ed868e72bb89e0",
                "sha256:c3e742f62198c9eb9201781fbebe64533a3bbf6a76a91b8d438d62b813079dbc",
                "sha256:c5ae6b7c8483b1e0bf59e5f1843e4fd8fd405e11df7de217ee65b98eb5462861",
                "sha256:c6d0a9f9eccaf7f438671a64acf654ef0d045466e63f9f68a579e2383b63f357",
                "sha256:cbfbca662ed3729204090c4d09ee4beeecc1a7ecba5a159a94b5a4eb24e3759a",
                "sha256:d5389eb3b48a72da28c6e061a247ab224381435256eb541e175798483368fdd3",
                "sha256:e306e280ebebc65040034bff1a0a81fd86b2f4f05daac0131f29541cafd80b80",
                "sha256:e405ffcc1254d76bb0e760db101ee8916b620893e6edfbfee563b3c6f7a67c02",
                "sha256:e9ee4e6ca1d9616797fa2e9c0bfb8815912c7d67aca96f77428e316741082a1b",
                "sha256:ef0fe7ad7cbdb5f372463d42e6ed4ca9c443a52ce544472d8842a0576d830da5",
                "sha256:efbc8a7f9cb5fe26122acba1852d8dcd1e125e723727c59dcd244da7bdaa54f2",
                "sha256:fcb20d4cb355195c75000a49bb4a31d75e4295200df620f454bbc6bdf60ca890",
                "sha256:fe734914977eed33033b70bfc097e1baaffb589517863955430bf2e0846ac30f"
            ],
            "index": "pypi",
            "markers": "python_version >= '3.7'",
            "version": "==1.10.18"
        },
        "secure": {
            "hashes": [
                "sha256:6e30939d8f95bf3b8effb8a36ebb5ed57f265daeeae905e3aa9677ea538ab64e",
                "sha256:a93b720c7614809c131ca80e477263140107c6c212829d0a6e1f7bc8d859c608"
            ],
            "index": "pypi",
            "markers": "python_version >= '3.6'",
            "version": "==0.3.0"
        },
        "sentry-sdk": {
            "hashes": [
                "sha256:1e0e2eaf6dad918c7d1e0edac868a7bf20017b177f242cefe2a6bcd47955961d",
                "sha256:b8bc3dc51d06590df1291b7519b85c75e2ced4f28d9ea655b6d54033503b5bf4"
            ],
            "index": "pypi",
            "markers": "python_version >= '3.6'",
            "version": "==2.14.0"
        },
        "sniffio": {
            "hashes": [
                "sha256:2f6da418d1f1e0fddd844478f41680e794e6051915791a034ff65e5f100525a2",
                "sha256:f4324edc670a0f49750a81b895f35c3adb843cca46f0530f79fc1babb23789dc"
            ],
            "index": "pypi",
            "markers": "python_version >= '3.7'",
            "version": "==1.3.1"
        },
        "starlette": {
            "hashes": [
                "sha256:26a18cbda5e6b651c964c12c88b36d9898481cd428ed6e063f5f29c418f73050",
                "sha256:57eab3cc975a28af62f6faec94d355a410634940f10b30d68d31cb5ec1b44ae8"
            ],
            "index": "pypi",
            "markers": "python_version >= '3.6'",
            "version": "==0.17.1"
        },
        "starlette-prometheus": {
            "hashes": [
                "sha256:a52fb0f1df52b44a7a677a792759337ef0ce0d59ddf3e684a7d6459a93a90e99",
                "sha256:b4702e4ec67dce508d28551db0e45f12f58411afdb5d1078c92ff74331915381"
            ],
            "index": "pypi",
            "markers": "python_version >= '3.7' and python_version < '4.0'",
            "version": "==0.9.0"
        },
        "structlog": {
            "hashes": [
                "sha256:597f61e80a91cc0749a9fd2a098ed76715a1c8a01f73e336b746504d1aad7610",
                "sha256:b27bfecede327a6d2da5fbc96bd859f114ecc398a6389d664f62085ee7ae6fc4"
            ],
            "index": "pypi",
            "markers": "python_version >= '3.8'",
            "version": "==24.4.0"
        },
        "typing-extensions": {
            "hashes": [
                "sha256:04e5ca0351e0f3f85c6853954072df659d0d13fac324d0072316b67d7794700d",
                "sha256:1a7ead55c7e559dd4dee8856e3a88b41225abfe1ce8df57b7c13915fe121ffb8"
            ],
            "index": "pypi",
            "markers": "python_version >= '3.8'",
            "version": "==4.12.2"
        },
        "urllib3": {
            "hashes": [
                "sha256:ca899ca043dcb1bafa3e262d73aa25c465bfb49e0bd9dd5d59f1d0acba2f8fac",
                "sha256:e7d814a81dad81e6caf2ec9fdedb284ecc9c73076b62654547cc64ccdcae26e9"
            ],
            "markers": "python_version >= '3.8'",
            "version": "==2.2.3"
        },
        "uvicorn": {
            "hashes": [
                "sha256:4b15decdda1e72be08209e860a1e10e92439ad5b97cf44cc945fcbee66fc5788",
                "sha256:65fd46fe3fda5bdc1b03b94eb634923ff18cd35b2f084813ea79d1f103f711b5"
            ],
            "index": "pypi",
            "markers": "python_version >= '3.8'",
            "version": "==0.30.6"
        },
        "uvloop": {
            "hashes": [
                "sha256:265a99a2ff41a0fd56c19c3838b29bf54d1d177964c300dad388b27e84fd7847",
                "sha256:2beee18efd33fa6fdb0976e18475a4042cd31c7433c866e8a09ab604c7c22ff2",
                "sha256:35968fc697b0527a06e134999eef859b4034b37aebca537daeb598b9d45a137b",
                "sha256:36c530d8fa03bfa7085af54a48f2ca16ab74df3ec7108a46ba82fd8b411a2315",
                "sha256:3a609780e942d43a275a617c0839d85f95c334bad29c4c0918252085113285b5",
                "sha256:4603ca714a754fc8d9b197e325db25b2ea045385e8a3ad05d3463de725fdf469",
                "sha256:4b75f2950ddb6feed85336412b9a0c310a2edbcf4cf931aa5cfe29034829676d",
                "sha256:4f44af67bf39af25db4c1ac27e82e9665717f9c26af2369c404be865c8818dcf",
                "sha256:6462c95f48e2d8d4c993a2950cd3d31ab061864d1c226bbf0ee2f1a8f36674b9",
                "sha256:649c33034979273fa71aa25d0fe120ad1777c551d8c4cd2c0c9851d88fcb13ab",
                "sha256:746242cd703dc2b37f9d8b9f173749c15e9a918ddb021575a0205ec29a38d31e",
                "sha256:77fbc69c287596880ecec2d4c7a62346bef08b6209749bf6ce8c22bbaca0239e",
                "sha256:80dc1b139516be2077b3e57ce1cb65bfed09149e1d175e0478e7a987863b68f0",
                "sha256:82edbfd3df39fb3d108fc079ebc461330f7c2e33dbd002d146bf7c445ba6e756",
                "sha256:89e8d33bb88d7263f74dc57d69f0063e06b5a5ce50bb9a6b32f5fcbe655f9e73",
                "sha256:94707205efbe809dfa3a0d09c08bef1352f5d3d6612a506f10a319933757c006",
                "sha256:95720bae002ac357202e0d866128eb1ac82545bcf0b549b9abe91b5178d9b541",
                "sha256:9b04d96188d365151d1af41fa2d23257b674e7ead68cfd61c725a422764062ae",
                "sha256:9d0fba61846f294bce41eb44d60d58136090ea2b5b99efd21cbdf4e21927c56a",
                "sha256:9ebafa0b96c62881d5cafa02d9da2e44c23f9f0cd829f3a32a6aff771449c996",
                "sha256:a0fac7be202596c7126146660725157d4813aa29a4cc990fe51346f75ff8fde7",
                "sha256:aea15c78e0d9ad6555ed201344ae36db5c63d428818b4b2a42842b3870127c00",
                "sha256:b10c2956efcecb981bf9cfb8184d27d5d64b9033f917115a960b83f11bfa0d6b",
                "sha256:b16696f10e59d7580979b420eedf6650010a4a9c3bd8113f24a103dfdb770b10",
                "sha256:d8c36fdf3e02cec92aed2d44f63565ad1522a499c654f07935c8f9d04db69e95",
                "sha256:e237f9c1e8a00e7d9ddaa288e535dc337a39bcbf679f290aee9d26df9e72bce9",
                "sha256:e50289c101495e0d1bb0bfcb4a60adde56e32f4449a67216a1ab2750aa84f037",
                "sha256:e7d61fe8e8d9335fac1bf8d5d82820b4808dd7a43020c149b63a1ada953d48a6",
                "sha256:e97152983442b499d7a71e44f29baa75b3b02e65d9c44ba53b10338e98dedb66",
                "sha256:f0e94b221295b5e69de57a1bd4aeb0b3a29f61be6e1b478bb8a69a73377db7ba",
                "sha256:fee6044b64c965c425b65a4e17719953b96e065c5b7e09b599ff332bb2744bdf"
            ],
            "index": "pypi",
            "markers": "python_full_version >= '3.8.0'",
            "version": "==0.20.0"
        },
        "watchgod": {
            "hashes": [
                "sha256:2f3e8137d98f493ff58af54ea00f4d1433a6afe2ed08ab331a657df468c6bfce",
                "sha256:cb11ff66657befba94d828e3b622d5fb76f22fbda1376f355f3e6e51e97d9450"
            ],
            "index": "pypi",
            "markers": "python_version >= '3.7'",
            "version": "==0.8.2"
        },
        "websockets": {
            "hashes": [
                "sha256:00fd961943b6c10ee6f0b1130753e50ac5dcd906130dcd77b0003c3ab797d026",
                "sha256:03d3f9ba172e0a53e37fa4e636b86cc60c3ab2cfee4935e66ed1d7acaa4625ad",
                "sha256:0513c727fb8adffa6d9bf4a4463b2bade0186cbd8c3604ae5540fae18a90cb99",
                "sha256:05e70fec7c54aad4d71eae8e8cab50525e899791fc389ec6f77b95312e4e9920",
                "sha256:0617fd0b1d14309c7eab6ba5deae8a7179959861846cbc5cb528a7531c249448",
                "sha256:06c0a667e466fcb56a0886d924b5f29a7f0886199102f0a0e1c60a02a3751cb4",
                "sha256:0f52504023b1480d458adf496dc1c9e9811df4ba4752f0bc1f89ae92f4f07d0c",
                "sha256:10a0dc7242215d794fb1918f69c6bb235f1f627aaf19e77f05336d147fce7c37",
                "sha256:11f9976ecbc530248cf162e359a92f37b7b282de88d1d194f2167b5e7ad80ce3",
                "sha256:132511bfd42e77d152c919147078460c88a795af16b50e42a0bd14f0ad71ddd2",
                "sha256:139add0f98206cb74109faf3611b7783ceafc928529c62b389917a037d4cfdf4",
                "sha256:14b9c006cac63772b31abbcd3e3abb6228233eec966bf062e89e7fa7ae0b7333",
                "sha256:15c7d62ee071fa94a2fc52c2b472fed4af258d43f9030479d9c4a2de885fd543",
                "sha256:165bedf13556f985a2aa064309baa01462aa79bf6112fbd068ae38993a0e1f1b",
                "sha256:17118647c0ea14796364299e942c330d72acc4b248e07e639d34b75067b3cdd8",
                "sha256:1841c9082a3ba4a05ea824cf6d99570a6a2d8849ef0db16e9c826acb28089e8f",
                "sha256:1a678532018e435396e37422a95e3ab87f75028ac79570ad11f5bf23cd2a7d8c",
                "sha256:1ee4cc030a4bdab482a37462dbf3ffb7e09334d01dd37d1063be1136a0d825fa",
                "sha256:1f3cf6d6ec1142412d4535adabc6bd72a63f5f148c43fe559f06298bc21953c9",
                "sha256:1f613289f4a94142f914aafad6c6c87903de78eae1e140fa769a7385fb232fdf",
                "sha256:1fa082ea38d5de51dd409434edc27c0dcbd5fed2b09b9be982deb6f0508d25bc",
                "sha256:249aab278810bee585cd0d4de2f08cfd67eed4fc75bde623be163798ed4db2eb",
                "sha256:254ecf35572fca01a9f789a1d0f543898e222f7b69ecd7d5381d8d8047627bdb",
                "sha256:2a02b0161c43cc9e0232711eff846569fad6ec836a7acab16b3cf97b2344c060",
                "sha256:30d3a1f041360f029765d8704eae606781e673e8918e6b2c792e0775de51352f",
                "sha256:3624fd8664f2577cf8de996db3250662e259bfbc870dd8ebdcf5d7c6ac0b5185",
                "sha256:3f55b36d17ac50aa8a171b771e15fbe1561217510c8768af3d546f56c7576cdc",
                "sha256:46af561eba6f9b0848b2c9d2427086cabadf14e0abdd9fde9d72d447df268418",
                "sha256:47236c13be337ef36546004ce8c5580f4b1150d9538b27bf8a5ad8edf23ccfab",
                "sha256:4a365bcb7be554e6e1f9f3ed64016e67e2fa03d7b027a33e436aecf194febb63",
                "sha256:4d6ece65099411cfd9a48d13701d7438d9c34f479046b34c50ff60bb8834e43e",
                "sha256:4e85f46ce287f5c52438bb3703d86162263afccf034a5ef13dbe4318e98d86e7",
                "sha256:4f0426d51c8f0926a4879390f53c7f5a855e42d68df95fff6032c82c888b5f36",
                "sha256:518f90e6dd089d34eaade01101fd8a990921c3ba18ebbe9b0165b46ebff947f0",
                "sha256:52aed6ef21a0f1a2a5e310fb5c42d7555e9c5855476bbd7173c3aa3d8a0302f2",
                "sha256:556e70e4f69be1082e6ef26dcb70efcd08d1850f5d6c5f4f2bcb4e397e68f01f",
                "sha256:56a952fa2ae57a42ba7951e6b2605e08a24801a4931b5644dfc68939e041bc7f",
                "sha256:59197afd478545b1f73367620407b0083303569c5f2d043afe5363676f2697c9",
                "sha256:5df891c86fe68b2c38da55b7aea7095beca105933c697d719f3f45f4220a5e0e",
                "sha256:63848cdb6fcc0bf09d4a155464c46c64ffdb5807ede4fb251da2c2692559ce75",
                "sha256:64a11aae1de4c178fa653b07d90f2fb1a2ed31919a5ea2361a38760192e1858b",
                "sha256:6724b554b70d6195ba19650fef5759ef11346f946c07dbbe390e039bcaa7cc3d",
                "sha256:67494e95d6565bf395476e9d040037ff69c8b3fa356a886b21d8422ad86ae075",
                "sha256:67648f5e50231b5a7f6d83b32f9c525e319f0ddc841be0de64f24928cd75a603",
                "sha256:68264802399aed6fe9652e89761031acc734fc4c653137a5911c2bfa995d6d6d",
                "sha256:699ba9dd6a926f82a277063603fc8d586b89f4cb128efc353b749b641fcddda7",
                "sha256:6aa74a45d4cdc028561a7d6ab3272c8b3018e23723100b12e58be9dfa5a24491",
                "sha256:6b41a1b3b561f1cba8321fb32987552a024a8f67f0d05f06fcf29f0090a1b956",
                "sha256:71e6e5a3a3728886caee9ab8752e8113670936a193284be9d6ad2176a137f376",
                "sha256:7d20516990d8ad557b5abeb48127b8b779b0b7e6771a265fa3e91767596d7d97",
                "sha256:80e4ba642fc87fa532bac07e5ed7e19d56940b6af6a8c61d4429be48718a380f",
                "sha256:872afa52a9f4c414d6955c365b6588bc4401272c629ff8321a55f44e3f62b553",
                "sha256:8eb2b9a318542153674c6e377eb8cb9ca0fc011c04475110d3477862f15d29f0",
                "sha256:9bbc525f4be3e51b89b2a700f5746c2a6907d2e2ef4513a8daafc98198b92237",
                "sha256:a1a2e272d067030048e1fe41aa1ec8cfbbaabce733b3d634304fa2b19e5c897f",
                "sha256:a5dc0c42ded1557cc7c3f0240b24129aefbad88af4f09346164349391dea8e58",
                "sha256:acab3539a027a85d568c2573291e864333ec9d912675107d6efceb7e2be5d980",
                "sha256:acbebec8cb3d4df6e2488fbf34702cbc37fc39ac7abf9449392cefb3305562e9",
                "sha256:ad327ac80ba7ee61da85383ca8822ff808ab5ada0e4a030d66703cc025b021c4",
                "sha256:b448a0690ef43db5ef31b3a0d9aea79043882b4632cfc3eaab20105edecf6097",
                "sha256:b5a06d7f60bc2fc378a333978470dfc4e1415ee52f5f0fce4f7853eb10c1e9df",
                "sha256:b74593e9acf18ea5469c3edaa6b27fa7ecf97b30e9dabd5a94c4c940637ab96e",
                "sha256:b79915a1179a91f6c5f04ece1e592e2e8a6bd245a0e45d12fd56b2b59e559a32",
                "sha256:b80f0c51681c517604152eb6a572f5a9378f877763231fddb883ba2f968e8817",
                "sha256:b8ac5b46fd798bbbf2ac6620e0437c36a202b08e1f827832c4bf050da081b501",
                "sha256:c3c493d0e5141ec055a7d6809a28ac2b88d5b878bb22df8c621ebe79a61123d0",
                "sha256:c44ca9ade59b2e376612df34e837013e2b273e6c92d7ed6636d0556b6f4db93d",
                "sha256:c4a6343e3b0714e80da0b0893543bf9a5b5fa71b846ae640e56e9abc6fbc4c83",
                "sha256:c5870b4a11b77e4caa3937142b650fbbc0914a3e07a0cf3131f35c0587489c1c",
                "sha256:ca48914cdd9f2ccd94deab5bcb5ac98025a5ddce98881e5cce762854a5de330b",
                "sha256:cf2fae6d85e5dc384bf846f8243ddaa9197f3a1a70044f59399af001fd1f51d4",
                "sha256:d450f5a7a35662a9b91a64aefa852f0c0308ee256122f5218a42f1d13577d71e",
                "sha256:d6716c087e4aa0b9260c4e579bb82e068f84faddb9bfba9906cb87726fa2e870",
                "sha256:d93572720d781331fb10d3da9ca1067817d84ad1e7c31466e9f5e59965618096",
                "sha256:dbb0b697cc0655719522406c059eae233abaa3243821cfdfab1215d02ac10231",
                "sha256:e33505534f3f673270dd67f81e73550b11de5b538c56fe04435d63c02c3f26b5",
                "sha256:e801ca2f448850685417d723ec70298feff3ce4ff687c6f20922c7474b4746ae",
                "sha256:e82db3756ccb66266504f5a3de05ac6b32f287faacff72462612120074103329",
                "sha256:ef48e4137e8799998a343706531e656fdec6797b80efd029117edacb74b0a10a",
                "sha256:f1d3d1f2eb79fe7b0fb02e599b2bf76a7619c79300fc55f0b5e2d382881d4f7f",
                "sha256:f3fea72e4e6edb983908f0db373ae0732b275628901d909c382aae3b592589f2",
                "sha256:f40de079779acbcdbb6ed4c65af9f018f8b77c5ec4e17a4b737c05c2db554491",
                "sha256:f73e676a46b0fe9426612ce8caeca54c9073191a77c3e9d5c94697aef99296af",
                "sha256:f9c9e258e3d5efe199ec23903f5da0eeaad58cf6fccb3547b74fd4750e5ac47a",
                "sha256:fac2d146ff30d9dd2fcf917e5d147db037a5c573f0446c564f16f1f94cf87462",
                "sha256:faef9ec6354fe4f9a2c0bbb52fb1ff852effc897e2a4501e25eb3a47cb0a4f89"
            ],
            "index": "pypi",
            "markers": "python_version >= '3.8'",
            "version": "==13.0.1"
        }
    },
    "develop": {
        "anyio": {
            "hashes": [
                "sha256:44a3c9aba0f5defa43261a8b3efb97891f2bd7d804e0e1f56419befa1adfc780",
                "sha256:91dee416e570e92c64041bd18b900d1d6fa78dff7048769ce5ac5ddad004fbb5"
            ],
            "index": "pypi",
            "markers": "python_version >= '3.7'",
            "version": "==3.7.1"
        },
        "certifi": {
            "hashes": [
                "sha256:3cd43f1c6fa7dedc5899d69d3ad0398fd018ad1a17fba83ddaf78aa46c747516",
                "sha256:ddc6c8ce995e6987e7faf5e3f1b02b302836a0e5d98ece18392cb1a36c72ad56"
            ],
            "markers": "python_version >= '3.6'",
            "version": "==2024.6.2"
        },
        "charset-normalizer": {
            "hashes": [
                "sha256:06435b539f889b1f6f4ac1758871aae42dc3a8c0e24ac9e60c2384973ad73027",
                "sha256:06a81e93cd441c56a9b65d8e1d043daeb97a3d0856d177d5c90ba85acb3db087",
                "sha256:0a55554a2fa0d408816b3b5cedf0045f4b8e1a6065aec45849de2d6f3f8e9786",
                "sha256:0b2b64d2bb6d3fb9112bafa732def486049e63de9618b5843bcdd081d8144cd8",
                "sha256:10955842570876604d404661fbccbc9c7e684caf432c09c715ec38fbae45ae09",
                "sha256:122c7fa62b130ed55f8f285bfd56d5f4b4a5b503609d181f9ad85e55c89f4185",
                "sha256:1ceae2f17a9c33cb48e3263960dc5fc8005351ee19db217e9b1bb15d28c02574",
                "sha256:1d3193f4a680c64b4b6a9115943538edb896edc190f0b222e73761716519268e",
                "sha256:1f79682fbe303db92bc2b1136016a38a42e835d932bab5b3b1bfcfbf0640e519",
                "sha256:2127566c664442652f024c837091890cb1942c30937add288223dc895793f898",
                "sha256:22afcb9f253dac0696b5a4be4a1c0f8762f8239e21b99680099abd9b2b1b2269",
                "sha256:25baf083bf6f6b341f4121c2f3c548875ee6f5339300e08be3f2b2ba1721cdd3",
                "sha256:2e81c7b9c8979ce92ed306c249d46894776a909505d8f5a4ba55b14206e3222f",
                "sha256:3287761bc4ee9e33561a7e058c72ac0938c4f57fe49a09eae428fd88aafe7bb6",
                "sha256:34d1c8da1e78d2e001f363791c98a272bb734000fcef47a491c1e3b0505657a8",
                "sha256:37e55c8e51c236f95b033f6fb391d7d7970ba5fe7ff453dad675e88cf303377a",
                "sha256:3d47fa203a7bd9c5b6cee4736ee84ca03b8ef23193c0d1ca99b5089f72645c73",
                "sha256:3e4d1f6587322d2788836a99c69062fbb091331ec940e02d12d179c1d53e25fc",
                "sha256:42cb296636fcc8b0644486d15c12376cb9fa75443e00fb25de0b8602e64c1714",
                "sha256:45485e01ff4d3630ec0d9617310448a8702f70e9c01906b0d0118bdf9d124cf2",
                "sha256:4a78b2b446bd7c934f5dcedc588903fb2f5eec172f3d29e52a9096a43722adfc",
                "sha256:4ab2fe47fae9e0f9dee8c04187ce5d09f48eabe611be8259444906793ab7cbce",
                "sha256:4d0d1650369165a14e14e1e47b372cfcb31d6ab44e6e33cb2d4e57265290044d",
                "sha256:549a3a73da901d5bc3ce8d24e0600d1fa85524c10287f6004fbab87672bf3e1e",
                "sha256:55086ee1064215781fff39a1af09518bc9255b50d6333f2e4c74ca09fac6a8f6",
                "sha256:572c3763a264ba47b3cf708a44ce965d98555f618ca42c926a9c1616d8f34269",
                "sha256:573f6eac48f4769d667c4442081b1794f52919e7edada77495aaed9236d13a96",
                "sha256:5b4c145409bef602a690e7cfad0a15a55c13320ff7a3ad7ca59c13bb8ba4d45d",
                "sha256:6463effa3186ea09411d50efc7d85360b38d5f09b870c48e4600f63af490e56a",
                "sha256:65f6f63034100ead094b8744b3b97965785388f308a64cf8d7c34f2f2e5be0c4",
                "sha256:663946639d296df6a2bb2aa51b60a2454ca1cb29835324c640dafb5ff2131a77",
                "sha256:6897af51655e3691ff853668779c7bad41579facacf5fd7253b0133308cf000d",
                "sha256:68d1f8a9e9e37c1223b656399be5d6b448dea850bed7d0f87a8311f1ff3dabb0",
                "sha256:6ac7ffc7ad6d040517be39eb591cac5ff87416c2537df6ba3cba3bae290c0fed",
                "sha256:6b3251890fff30ee142c44144871185dbe13b11bab478a88887a639655be1068",
                "sha256:6c4caeef8fa63d06bd437cd4bdcf3ffefe6738fb1b25951440d80dc7df8c03ac",
                "sha256:6ef1d82a3af9d3eecdba2321dc1b3c238245d890843e040e41e470ffa64c3e25",
                "sha256:753f10e867343b4511128c6ed8c82f7bec3bd026875576dfd88483c5c73b2fd8",
                "sha256:7cd13a2e3ddeed6913a65e66e94b51d80a041145a026c27e6bb76c31a853c6ab",
                "sha256:7ed9e526742851e8d5cc9e6cf41427dfc6068d4f5a3bb03659444b4cabf6bc26",
                "sha256:7f04c839ed0b6b98b1a7501a002144b76c18fb1c1850c8b98d458ac269e26ed2",
                "sha256:802fe99cca7457642125a8a88a084cef28ff0cf9407060f7b93dca5aa25480db",
                "sha256:80402cd6ee291dcb72644d6eac93785fe2c8b9cb30893c1af5b8fdd753b9d40f",
                "sha256:8465322196c8b4d7ab6d1e049e4c5cb460d0394da4a27d23cc242fbf0034b6b5",
                "sha256:86216b5cee4b06df986d214f664305142d9c76df9b6512be2738aa72a2048f99",
                "sha256:87d1351268731db79e0f8e745d92493ee2841c974128ef629dc518b937d9194c",
                "sha256:8bdb58ff7ba23002a4c5808d608e4e6c687175724f54a5dade5fa8c67b604e4d",
                "sha256:8c622a5fe39a48f78944a87d4fb8a53ee07344641b0562c540d840748571b811",
                "sha256:8d756e44e94489e49571086ef83b2bb8ce311e730092d2c34ca8f7d925cb20aa",
                "sha256:8f4a014bc36d3c57402e2977dada34f9c12300af536839dc38c0beab8878f38a",
                "sha256:9063e24fdb1e498ab71cb7419e24622516c4a04476b17a2dab57e8baa30d6e03",
                "sha256:90d558489962fd4918143277a773316e56c72da56ec7aa3dc3dbbe20fdfed15b",
                "sha256:923c0c831b7cfcb071580d3f46c4baf50f174be571576556269530f4bbd79d04",
                "sha256:95f2a5796329323b8f0512e09dbb7a1860c46a39da62ecb2324f116fa8fdc85c",
                "sha256:96b02a3dc4381e5494fad39be677abcb5e6634bf7b4fa83a6dd3112607547001",
                "sha256:9f96df6923e21816da7e0ad3fd47dd8f94b2a5ce594e00677c0013018b813458",
                "sha256:a10af20b82360ab00827f916a6058451b723b4e65030c5a18577c8b2de5b3389",
                "sha256:a50aebfa173e157099939b17f18600f72f84eed3049e743b68ad15bd69b6bf99",
                "sha256:a981a536974bbc7a512cf44ed14938cf01030a99e9b3a06dd59578882f06f985",
                "sha256:a9a8e9031d613fd2009c182b69c7b2c1ef8239a0efb1df3f7c8da66d5dd3d537",
                "sha256:ae5f4161f18c61806f411a13b0310bea87f987c7d2ecdbdaad0e94eb2e404238",
                "sha256:aed38f6e4fb3f5d6bf81bfa990a07806be9d83cf7bacef998ab1a9bd660a581f",
                "sha256:b01b88d45a6fcb69667cd6d2f7a9aeb4bf53760d7fc536bf679ec94fe9f3ff3d",
                "sha256:b261ccdec7821281dade748d088bb6e9b69e6d15b30652b74cbbac25e280b796",
                "sha256:b2b0a0c0517616b6869869f8c581d4eb2dd83a4d79e0ebcb7d373ef9956aeb0a",
                "sha256:b4a23f61ce87adf89be746c8a8974fe1c823c891d8f86eb218bb957c924bb143",
                "sha256:bd8f7df7d12c2db9fab40bdd87a7c09b1530128315d047a086fa3ae3435cb3a8",
                "sha256:beb58fe5cdb101e3a055192ac291b7a21e3b7ef4f67fa1d74e331a7f2124341c",
                "sha256:c002b4ffc0be611f0d9da932eb0f704fe2602a9a949d1f738e4c34c75b0863d5",
                "sha256:c083af607d2515612056a31f0a8d9e0fcb5876b7bfc0abad3ecd275bc4ebc2d5",
                "sha256:c180f51afb394e165eafe4ac2936a14bee3eb10debc9d9e4db8958fe36afe711",
                "sha256:c235ebd9baae02f1b77bcea61bce332cb4331dc3617d254df3323aa01ab47bd4",
                "sha256:cd70574b12bb8a4d2aaa0094515df2463cb429d8536cfb6c7ce983246983e5a6",
                "sha256:d0eccceffcb53201b5bfebb52600a5fb483a20b61da9dbc885f8b103cbe7598c",
                "sha256:d965bba47ddeec8cd560687584e88cf699fd28f192ceb452d1d7ee807c5597b7",
                "sha256:db364eca23f876da6f9e16c9da0df51aa4f104a972735574842618b8c6d999d4",
                "sha256:ddbb2551d7e0102e7252db79ba445cdab71b26640817ab1e3e3648dad515003b",
                "sha256:deb6be0ac38ece9ba87dea880e438f25ca3eddfac8b002a2ec3d9183a454e8ae",
                "sha256:e06ed3eb3218bc64786f7db41917d4e686cc4856944f53d5bdf83a6884432e12",
                "sha256:e27ad930a842b4c5eb8ac0016b0a54f5aebbe679340c26101df33424142c143c",
                "sha256:e537484df0d8f426ce2afb2d0f8e1c3d0b114b83f8850e5f2fbea0e797bd82ae",
                "sha256:eb00ed941194665c332bf8e078baf037d6c35d7c4f3102ea2d4f16ca94a26dc8",
                "sha256:eb6904c354526e758fda7167b33005998fb68c46fbc10e013ca97f21ca5c8887",
                "sha256:eb8821e09e916165e160797a6c17edda0679379a4be5c716c260e836e122f54b",
                "sha256:efcb3f6676480691518c177e3b465bcddf57cea040302f9f4e6e191af91174d4",
                "sha256:f27273b60488abe721a075bcca6d7f3964f9f6f067c8c4c605743023d7d3944f",
                "sha256:f30c3cb33b24454a82faecaf01b19c18562b1e89558fb6c56de4d9118a032fd5",
                "sha256:fb69256e180cb6c8a894fee62b3afebae785babc1ee98b81cdf68bbca1987f33",
                "sha256:fd1abc0d89e30cc4e02e4064dc67fcc51bd941eb395c502aac3ec19fab46b519",
                "sha256:ff8fa367d09b717b2a17a052544193ad76cd49979c805768879cb63d9ca50561"
            ],
            "markers": "python_full_version >= '3.7.0'",
            "version": "==3.3.2"
        },
        "coverage": {
            "extras": [
                "toml"
            ],
            "hashes": [
                "sha256:0646599e9b139988b63704d704af8e8df7fa4cbc4a1f33df69d97f36cb0a38de",
                "sha256:0cdcbc320b14c3e5877ee79e649677cb7d89ef588852e9583e6b24c2e5072661",
                "sha256:0d0a0f5e06881ecedfe6f3dd2f56dcb057b6dbeb3327fd32d4b12854df36bf26",
                "sha256:1434e088b41594baa71188a17533083eabf5609e8e72f16ce8c186001e6b8c41",
                "sha256:16db7f26000a07efcf6aea00316f6ac57e7d9a96501e990a36f40c965ec7a95d",
                "sha256:1cc0fe9b0b3a8364093c53b0b4c0c2dd4bb23acbec4c9240b5f284095ccf7981",
                "sha256:1fc81d5878cd6274ce971e0a3a18a8803c3fe25457165314271cf78e3aae3aa2",
                "sha256:2ec92012fefebee89a6b9c79bc39051a6cb3891d562b9270ab10ecfdadbc0c34",
                "sha256:39afcd3d4339329c5f58de48a52f6e4e50f6578dd6099961cf22228feb25f38f",
                "sha256:4a7b0ceee8147444347da6a66be737c9d78f3353b0681715b668b72e79203e4a",
                "sha256:4a9ca3f2fae0088c3c71d743d85404cec8df9be818a005ea065495bedc33da35",
                "sha256:4bf0655ab60d754491004a5efd7f9cccefcc1081a74c9ef2da4735d6ee4a6223",
                "sha256:4cc37def103a2725bc672f84bd939a6fe4522310503207aae4d56351644682f1",
                "sha256:4fc84a37bfd98db31beae3c2748811a3fa72bf2007ff7902f68746d9757f3746",
                "sha256:5037f8fcc2a95b1f0e80585bd9d1ec31068a9bcb157d9750a172836e98bc7a90",
                "sha256:54de9ef3a9da981f7af93eafde4ede199e0846cd819eb27c88e2b712aae9708c",
                "sha256:556cf1a7cbc8028cb60e1ff0be806be2eded2daf8129b8811c63e2b9a6c43bca",
                "sha256:57e0204b5b745594e5bc14b9b50006da722827f0b8c776949f1135677e88d0b8",
                "sha256:5a5740d1fb60ddf268a3811bcd353de34eb56dc24e8f52a7f05ee513b2d4f596",
                "sha256:5c3721c2c9e4c4953a41a26c14f4cef64330392a6d2d675c8b1db3b645e31f0e",
                "sha256:5fa567e99765fe98f4e7d7394ce623e794d7cabb170f2ca2ac5a4174437e90dd",
                "sha256:5fd215c0c7d7aab005221608a3c2b46f58c0285a819565887ee0b718c052aa4e",
                "sha256:6175d1a0559986c6ee3f7fccfc4a90ecd12ba0a383dcc2da30c2b9918d67d8a3",
                "sha256:61c4bf1ba021817de12b813338c9be9f0ad5b1e781b9b340a6d29fc13e7c1b5e",
                "sha256:6537e7c10cc47c595828b8a8be04c72144725c383c4702703ff4e42e44577312",
                "sha256:68f962d9b72ce69ea8621f57551b2fa9c70509af757ee3b8105d4f51b92b41a7",
                "sha256:7352b9161b33fd0b643ccd1f21f3a3908daaddf414f1c6cb9d3a2fd618bf2572",
                "sha256:796a79f63eca8814ca3317a1ea443645c9ff0d18b188de470ed7ccd45ae79428",
                "sha256:79afb6197e2f7f60c4824dd4b2d4c2ec5801ceb6ba9ce5d2c3080e5660d51a4f",
                "sha256:7a588d39e0925f6a2bff87154752481273cdb1736270642aeb3635cb9b4cad07",
                "sha256:8748731ad392d736cc9ccac03c9845b13bb07d020a33423fa5b3a36521ac6e4e",
                "sha256:8fe7502616b67b234482c3ce276ff26f39ffe88adca2acf0261df4b8454668b4",
                "sha256:9314d5678dcc665330df5b69c1e726a0e49b27df0461c08ca12674bcc19ef136",
                "sha256:9735317685ba6ec7e3754798c8871c2f49aa5e687cc794a0b1d284b2389d1bd5",
                "sha256:9981706d300c18d8b220995ad22627647be11a4276721c10911e0e9fa44c83e8",
                "sha256:9e78295f4144f9dacfed4f92935fbe1780021247c2fabf73a819b17f0ccfff8d",
                "sha256:b016ea6b959d3b9556cb401c55a37547135a587db0115635a443b2ce8f1c7228",
                "sha256:b6cf3764c030e5338e7f61f95bd21147963cf6aa16e09d2f74f1fa52013c1206",
                "sha256:beccf7b8a10b09c4ae543582c1319c6df47d78fd732f854ac68d518ee1fb97fa",
                "sha256:c0884920835a033b78d1c73b6d3bbcda8161a900f38a488829a83982925f6c2e",
                "sha256:c3e757949f268364b96ca894b4c342b41dc6f8f8b66c37878aacef5930db61be",
                "sha256:ca498687ca46a62ae590253fba634a1fe9836bc56f626852fb2720f334c9e4e5",
                "sha256:d1d0d98d95dd18fe29dc66808e1accf59f037d5716f86a501fc0256455219668",
                "sha256:d21918e9ef11edf36764b93101e2ae8cc82aa5efdc7c5a4e9c6c35a48496d601",
                "sha256:d7fed867ee50edf1a0b4a11e8e5d0895150e572af1cd6d315d557758bfa9c057",
                "sha256:db66fc317a046556a96b453a58eced5024af4582a8dbdc0c23ca4dbc0d5b3146",
                "sha256:dde0070c40ea8bb3641e811c1cfbf18e265d024deff6de52c5950677a8fb1e0f",
                "sha256:df4e745a81c110e7446b1cc8131bf986157770fa405fe90e15e850aaf7619bc8",
                "sha256:e2213def81a50519d7cc56ed643c9e93e0247f5bbe0d1247d15fa520814a7cd7",
                "sha256:ef48e2707fb320c8f139424a596f5b69955a85b178f15af261bab871873bb987",
                "sha256:f152cbf5b88aaeb836127d920dd0f5e7edff5a66f10c079157306c4343d86c19",
                "sha256:fc0b4d8bfeabd25ea75e94632f5b6e047eef8adaed0c2161ada1e922e7f7cece"
            ],
            "markers": "python_version >= '3.8'",
            "version": "==7.5.1"
        },
        "h11": {
            "hashes": [
                "sha256:8f19fbbe99e72420ff35c00b27a34cb9937e902a8b810e2c88300c6f0a3b699d",
                "sha256:e3fe4ac4b851c468cc8363d500db52c2ead036020723024a109d37346efaa761"
            ],
            "markers": "python_version >= '3.7'",
            "version": "==0.14.0"
        },
        "httpcore": {
            "hashes": [
                "sha256:34a38e2f9291467ee3b44e89dd52615370e152954ba21721378a87b2960f7a61",
                "sha256:421f18bac248b25d310f3cacd198d55b8e6125c107797b609ff9b7a6ba7991b5"
            ],
            "markers": "python_version >= '3.8'",
            "version": "==1.0.5"
        },
        "httpx": {
            "extras": [
                "http2"
            ],
            "hashes": [
                "sha256:71d5465162c13681bff01ad59b2cc68dd838ea1f10e51574bac27103f00c91a5",
                "sha256:a0cb88a46f32dc874e04ee956e4c2764aba2aa228f650b06788ba6bda2962ab5"
            ],
            "markers": "python_version >= '3.8'",
            "version": "==0.27.0"
        },
        "idna": {
            "hashes": [
                "sha256:028ff3aadf0609c1fd278d8ea3089299412a7a8b9bd005dd08b9f8285bcb5cfc",
                "sha256:82fee1fc78add43492d3a1898bfa6d8a904cc97d8427f683ed8e798d07761aa0"
            ],
            "markers": "python_version >= '3.5'",
            "version": "==3.7"
        },
        "iniconfig": {
            "hashes": [
                "sha256:2d91e135bf72d31a410b17c16da610a82cb55f6b0477d1a902134b24a455b8b3",
                "sha256:b6a85871a79d2e3b22d2d1b94ac2824226a63c6b741c88f7ae975f18b6778374"
            ],
            "markers": "python_version >= '3.7'",
            "version": "==2.0.0"
        },
        "packaging": {
            "hashes": [
                "sha256:026ed72c8ed3fcce5bf8950572258698927fd1dbda10a5e981cdf0ac37f4f002",
                "sha256:5b8f2217dbdbd2f7f384c41c628544e6d52f2d0f53c6d0c3ea61aa5d1d7ff124"
            ],
            "markers": "python_version >= '3.8'",
            "version": "==24.1"
        },
        "pluggy": {
            "hashes": [
                "sha256:2cffa88e94fdc978c4c574f15f9e59b7f4201d439195c3715ca9e2486f1d0cf1",
                "sha256:44e1ad92c8ca002de6377e165f3e0f1be63266ab4d554740532335b9d75ea669"
            ],
            "markers": "python_version >= '3.8'",
            "version": "==1.5.0"
        },
        "pycodestyle": {
            "hashes": [
                "sha256:46f0fb92069a7c28ab7bb558f05bfc0110dac69a0cd23c61ea0040283a9d78b3",
                "sha256:6838eae08bbce4f6accd5d5572075c63626a15ee3e6f842df996bf62f6d73521"
            ],
            "index": "pypi",
            "markers": "python_version >= '3.8'",
            "version": "==2.12.1"
        },
        "pytest": {
            "hashes": [
                "sha256:70b98107bd648308a7952b06e6ca9a50bc660be218d53c257cc1fc94fda10181",
                "sha256:a6853c7375b2663155079443d2e45de913a911a11d669df02a50814944db57b2"
            ],
            "index": "pypi",
            "markers": "python_version >= '3.8'",
            "version": "==8.3.3"
        },
        "pytest-asyncio": {
            "hashes": [
                "sha256:a811296ed596b69bf0b6f3dc40f83bcaf341b155a269052d82efa2b25ac7037b",
                "sha256:d081d828e576d85f875399194281e92bf8a68d60d72d1a2faf2feddb6c46b276"
            ],
            "index": "pypi",
            "markers": "python_version >= '3.8'",
            "version": "==0.24.0"
        },
        "pytest-cov": {
            "hashes": [
                "sha256:4f0764a1219df53214206bf1feea4633c3b558a2925c8b59f144f682861ce652",
                "sha256:5837b58e9f6ebd335b0f8060eecce69b662415b16dc503883a02f45dfeb14857"
            ],
            "index": "pypi",
            "markers": "python_version >= '3.8'",
            "version": "==5.0.0"
        },
        "python-dotenv": {
            "hashes": [
                "sha256:e324ee90a023d808f1959c46bcbc04446a10ced277783dc6ee09987c37ec10ca",
                "sha256:f7b63ef50f1b690dddf550d03497b66d609393b40b564ed0d674909a68ebf16a"
            ],
            "index": "pypi",
            "markers": "python_version >= '3.8'",
            "version": "==1.0.1"
        },
        "requests": {
            "hashes": [
                "sha256:55365417734eb18255590a9ff9eb97e9e1da868d4ccd6402399eaf68af20a760",
                "sha256:70761cfe03c773ceb22aa2f671b4757976145175cdfca038c02654d061d6dcc6"
            ],
            "index": "pypi",
            "markers": "python_version >= '3.8'",
            "version": "==2.32.3"
        },
        "respx": {
            "hashes": [
                "sha256:07cf4108b1c88b82010f67d3c831dae33a375c7b436e54d87737c7f9f99be643",
                "sha256:ab8e1cf6da28a5b2dd883ea617f8130f77f676736e6e9e4a25817ad116a172c9"
            ],
            "index": "pypi",
            "markers": "python_version >= '3.7'",
            "version": "==0.20.2"
        },
        "sniffio": {
            "hashes": [
                "sha256:2f6da418d1f1e0fddd844478f41680e794e6051915791a034ff65e5f100525a2",
                "sha256:f4324edc670a0f49750a81b895f35c3adb843cca46f0530f79fc1babb23789dc"
            ],
            "index": "pypi",
            "markers": "python_version >= '3.7'",
            "version": "==1.3.1"
        },
        "urllib3": {
            "hashes": [
                "sha256:450b20ec296a467077128bff42b73080516e71b56ff59a60a02bef2232c4fa9d",
                "sha256:d0570876c61ab9e520d776c38acbbb5b05a776d3f9ff98a5c8fd5162a444cf19"
            ],
            "markers": "python_version >= '3.8'",
            "version": "==2.2.1"
        }
    }
}
